
Microsoft Visual Studio Solution File, Format Version 12.00
# Visual Studio Version 17
VisualStudioVersion = 17.5.002.0
MinimumVisualStudioVersion = 10.0.40219.1
Project("{9A19103F-16F7-4668-BE54-9A1E7A4F7556}") = "bodario", "bodario.csproj", "{046F3604-8D30-4A00-AEC3-2214D5D24360}"
EndProject
Global
	GlobalSection(SolutionConfigurationPlatforms) = preSolution
		Debug|Any CPU = Debug|Any CPU
		Release|Any CPU = Release|Any CPU
	EndGlobalSection
	GlobalSection(ProjectConfigurationPlatforms) = postSolution
		{046F3604-8D30-4A00-AEC3-2214D5D24360}.Debug|Any CPU.ActiveCfg = Debug|Any CPU
		{046F3604-8D30-4A00-AEC3-2214D5D24360}.Debug|Any CPU.Build.0 = Debug|Any CPU
		{046F3604-8D30-4A00-AEC3-2214D5D24360}.Release|Any CPU.ActiveCfg = Release|Any CPU
		{046F3604-8D30-4A00-AEC3-2214D5D24360}.Release|Any CPU.Build.0 = Release|Any CPU
	EndGlobalSection
	GlobalSection(SolutionProperties) = preSolution
		HideSolutionNode = FALSE
	EndGlobalSection
	GlobalSection(ExtensibilityGlobals) = postSolution
		SolutionGuid = {2D6AED34-6B9D-4C08-89EB-76547962399F}
	EndGlobalSection
EndGlobal
